version = 1
requires-python = ">=3.10"

[[package]]
name = "argcomplete"
version = "3.5.1"
source = { registry = "https://pypi.org/simple" }
sdist = { url = "https://files.pythonhosted.org/packages/5f/39/27605e133e7f4bb0c8e48c9a6b87101515e3446003e0442761f6a02ac35e/argcomplete-3.5.1.tar.gz", hash = "sha256:eb1ee355aa2557bd3d0145de7b06b2a45b0ce461e1e7813f5d066039ab4177b4", size = 82280 }
wheels = [
    { url = "https://files.pythonhosted.org/packages/f7/be/a606a6701d491cfae75583c80a6583f8abe9c36c0b9666e867e7cdd62fe8/argcomplete-3.5.1-py3-none-any.whl", hash = "sha256:1a1d148bdaa3e3b93454900163403df41448a248af01b6e849edc5ac08e6c363", size = 43498 },
]

[[package]]
name = "heroku"
version = "0.1.0"
source = { virtual = "." }
dependencies = [
    { name = "argcomplete" },
    { name = "pyperclip" },
]

[package.metadata]
requires-dist = [
    { name = "argcomplete", specifier = ">=3.5.1" },
    { name = "pyperclip", specifier = ">=1.9.0" },
]

[[package]]
name = "pyperclip"
version = "1.9.0"
source = { registry = "https://pypi.org/simple" }
sdist = { url = "https://files.pythonhosted.org/packages/30/23/2f0a3efc4d6a32f3b63cdff36cd398d9701d26cda58e3ab97ac79fb5e60d/pyperclip-1.9.0.tar.gz", hash = "sha256:b7de0142ddc81bfc5c7507eea19da920b92252b548b96186caf94a5e2527d310", size = 20961 }
